
Microsoft Visual Studio Solution File, Format Version 12.00
# Visual Studio Version 16
VisualStudioVersion = 16.0.30330.147
MinimumVisualStudioVersion = 10.0.40219.1
Project("{8BC9CEB8-8B4A-11D0-8D11-00A0C91BC942}") = "functions", "functions\functions.vcxproj", "{F3B31DA3-78FA-4964-8705-1677B5E1D622}"
EndProject
Project("{8BC9CEB8-8B4A-11D0-8D11-00A0C91BC942}") = "polygon_area", "polygon_area\polygon_area.vcxproj", "{50DC8F9C-B81F-414D-ACB7-91A01BA07C36}"
EndProject
Project("{8BC9CEB8-8B4A-11D0-8D11-00A0C91BC942}") = "pointers", "pointers\pointers.vcxproj", "{D0D7E5F3-C67D-4E66-971B-7AE0A42C3E07}"
EndProject
Project("{8BC9CEB8-8B4A-11D0-8D11-00A0C91BC942}") = "donut", "donut\donut.vcxproj", "{7724A81C-1E29-4F22-BDCF-AA65F5B5D759}"
EndProject
Project("{8BC9CEB8-8B4A-11D0-8D11-00A0C91BC942}") = "scope_intro", "scope_intro\scope_intro.vcxproj", "{6CC37FD9-4251-4A66-8F63-4B7C701D802D}"
EndProject
Global
	GlobalSection(SolutionConfigurationPlatforms) = preSolution
		Debug|x64 = Debug|x64
		Debug|x86 = Debug|x86
		Release|x64 = Release|x64
		Release|x86 = Release|x86
	EndGlobalSection
	GlobalSection(ProjectConfigurationPlatforms) = postSolution
		{F3B31DA3-78FA-4964-8705-1677B5E1D622}.Debug|x64.ActiveCfg = Debug|x64
		{F3B31DA3-78FA-4964-8705-1677B5E1D622}.Debug|x64.Build.0 = Debug|x64
		{F3B31DA3-78FA-4964-8705-1677B5E1D622}.Debug|x86.ActiveCfg = Debug|Win32
		{F3B31DA3-78FA-4964-8705-1677B5E1D622}.Debug|x86.Build.0 = Debug|Win32
		{F3B31DA3-78FA-4964-8705-1677B5E1D622}.Release|x64.ActiveCfg = Release|x64
		{F3B31DA3-78FA-4964-8705-1677B5E1D622}.Release|x64.Build.0 = Release|x64
		{F3B31DA3-78FA-4964-8705-1677B5E1D622}.Release|x86.ActiveCfg = Release|Win32
		{F3B31DA3-78FA-4964-8705-1677B5E1D622}.Release|x86.Build.0 = Release|Win32
		{50DC8F9C-B81F-414D-ACB7-91A01BA07C36}.Debug|x64.ActiveCfg = Debug|x64
		{50DC8F9C-B81F-414D-ACB7-91A01BA07C36}.Debug|x64.Build.0 = Debug|x64
		{50DC8F9C-B81F-414D-ACB7-91A01BA07C36}.Debug|x86.ActiveCfg = Debug|Win32
		{50DC8F9C-B81F-414D-ACB7-91A01BA07C36}.Debug|x86.Build.0 = Debug|Win32
		{50DC8F9C-B81F-414D-ACB7-91A01BA07C36}.Release|x64.ActiveCfg = Release|x64
		{50DC8F9C-B81F-414D-ACB7-91A01BA07C36}.Release|x64.Build.0 = Release|x64
		{50DC8F9C-B81F-414D-ACB7-91A01BA07C36}.Release|x86.ActiveCfg = Release|Win32
		{50DC8F9C-B81F-414D-ACB7-91A01BA07C36}.Release|x86.Build.0 = Release|Win32
		{D0D7E5F3-C67D-4E66-971B-7AE0A42C3E07}.Debug|x64.ActiveCfg = Debug|x64
		{D0D7E5F3-C67D-4E66-971B-7AE0A42C3E07}.Debug|x64.Build.0 = Debug|x64
		{D0D7E5F3-C67D-4E66-971B-7AE0A42C3E07}.Debug|x86.ActiveCfg = Debug|Win32
		{D0D7E5F3-C67D-4E66-971B-7AE0A42C3E07}.Debug|x86.Build.0 = Debug|Win32
		{D0D7E5F3-C67D-4E66-971B-7AE0A42C3E07}.Release|x64.ActiveCfg = Release|x64
		{D0D7E5F3-C67D-4E66-971B-7AE0A42C3E07}.Release|x64.Build.0 = Release|x64
		{D0D7E5F3-C67D-4E66-971B-7AE0A42C3E07}.Release|x86.ActiveCfg = Release|Win32
		{D0D7E5F3-C67D-4E66-971B-7AE0A42C3E07}.Release|x86.Build.0 = Release|Win32
		{7724A81C-1E29-4F22-BDCF-AA65F5B5D759}.Debug|x64.ActiveCfg = Debug|x64
		{7724A81C-1E29-4F22-BDCF-AA65F5B5D759}.Debug|x64.Build.0 = Debug|x64
		{7724A81C-1E29-4F22-BDCF-AA65F5B5D759}.Debug|x86.ActiveCfg = Debug|Win32
		{7724A81C-1E29-4F22-BDCF-AA65F5B5D759}.Debug|x86.Build.0 = Debug|Win32
		{7724A81C-1E29-4F22-BDCF-AA65F5B5D759}.Release|x64.ActiveCfg = Release|x64
		{7724A81C-1E29-4F22-BDCF-AA65F5B5D759}.Release|x64.Build.0 = Release|x64
		{7724A81C-1E29-4F22-BDCF-AA65F5B5D759}.Release|x86.ActiveCfg = Release|Win32
		{7724A81C-1E29-4F22-BDCF-AA65F5B5D759}.Release|x86.Build.0 = Release|Win32
		{6CC37FD9-4251-4A66-8F63-4B7C701D802D}.Debug|x64.ActiveCfg = Debug|x64
		{6CC37FD9-4251-4A66-8F63-4B7C701D802D}.Debug|x64.Build.0 = Debug|x64
		{6CC37FD9-4251-4A66-8F63-4B7C701D802D}.Debug|x86.ActiveCfg = Debug|Win32
		{6CC37FD9-4251-4A66-8F63-4B7C701D802D}.Debug|x86.Build.0 = Debug|Win32
		{6CC37FD9-4251-4A66-8F63-4B7C701D802D}.Release|x64.ActiveCfg = Release|x64
		{6CC37FD9-4251-4A66-8F63-4B7C701D802D}.Release|x64.Build.0 = Release|x64
		{6CC37FD9-4251-4A66-8F63-4B7C701D802D}.Release|x86.ActiveCfg = Release|Win32
		{6CC37FD9-4251-4A66-8F63-4B7C701D802D}.Release|x86.Build.0 = Release|Win32
	EndGlobalSection
	GlobalSection(SolutionProperties) = preSolution
		HideSolutionNode = FALSE
	EndGlobalSection
	GlobalSection(ExtensibilityGlobals) = postSolution
		SolutionGuid = {7AB50118-BE16-487D-A446-F28B17F93D7A}
	EndGlobalSection
EndGlobal
